{
	"name": "@lastui/dependencies",
	"version": "1.2.12",
	"lockfileVersion": 2,
	"requires": true,
	"packages": {
		"": {
			"name": "@lastui/dependencies",
			"version": "1.2.12",
			"license": "Apache-2.0",
			"dependencies": {
				"@linaria/core": "3.0.0-beta.22",
				"@linaria/react": "3.0.0-beta.22",
				"history": "5.3.0",
				"react": "18.2.0",
				"react-dom": "18.2.0",
				"react-intl": "6.0.5",
				"react-redux": "8.0.2",
				"redux": "4.2.0",
				"redux-saga": "1.1.3",
				"regenerator-runtime": "0.13.9"
			}
		},
		"node_modules/@babel/runtime": {
			"version": "7.18.3",
			"resolved": "https://registry.npmjs.org/@babel/runtime/-/runtime-7.18.3.tgz",
			"integrity": "sha512-38Y8f7YUhce/K7RMwTp7m0uCumpv9hZkitCbBClqQIow1qSbCvGkcegKOXpEWCQLfWmevgRiWokZ1GkpfhbZug==",
			"dependencies": {
				"regenerator-runtime": "^0.13.4"
			},
			"engines": {
				"node": ">=6.9.0"
			}
		},
		"node_modules/@emotion/is-prop-valid": {
			"version": "0.8.8",
			"resolved": "https://registry.npmjs.org/@emotion/is-prop-valid/-/is-prop-valid-0.8.8.tgz",
			"integrity": "sha512-u5WtneEAr5IDG2Wv65yhunPSMLIpuKsbuOktRojfrEiEvRyC85LgPMZI63cr7NUqT8ZIGdSVg8ZKGxIug4lXcA==",
			"dependencies": {
				"@emotion/memoize": "0.7.4"
			}
		},
		"node_modules/@emotion/memoize": {
			"version": "0.7.4",
			"resolved": "https://registry.npmjs.org/@emotion/memoize/-/memoize-0.7.4.tgz",
			"integrity": "sha512-Ja/Vfqe3HpuzRsG1oBtWTHk2PGZ7GR+2Vz5iYGelAw8dx32K0y7PjVuxK6z1nMpZOqAFsRUPCkK1YjJ56qJlgw=="
		},
		"node_modules/@formatjs/ecma402-abstract": {
			"version": "1.11.8",
			"resolved": "https://registry.npmjs.org/@formatjs/ecma402-abstract/-/ecma402-abstract-1.11.8.tgz",
			"integrity": "sha512-fgLqyWlwmTEuqV/TSLEL/t9JOmHNLFvCdgzXB0jc2w+WOItPCOJ1T0eyN6fQBQKRPfSqqNlu+kWj7ijcOVTVVQ==",
			"dependencies": {
				"@formatjs/intl-localematcher": "0.2.28",
				"tslib": "2.4.0"
			}
		},
		"node_modules/@formatjs/fast-memoize": {
			"version": "1.2.4",
			"resolved": "https://registry.npmjs.org/@formatjs/fast-memoize/-/fast-memoize-1.2.4.tgz",
			"integrity": "sha512-9ARYoLR8AEzXvj2nYrOVHY/h1dDMDWGTnKDLXSISF1uoPakSmfcZuSqjiqZX2wRkEUimPxdwTu/agyozBtZRHA==",
			"dependencies": {
				"tslib": "2.4.0"
			}
		},
		"node_modules/@formatjs/icu-messageformat-parser": {
			"version": "2.1.4",
			"resolved": "https://registry.npmjs.org/@formatjs/icu-messageformat-parser/-/icu-messageformat-parser-2.1.4.tgz",
			"integrity": "sha512-3PqMvKWV1oyok0BuiXUAHIaotdhdTJw6OICqCZbfUgKT+ZRwRWO4IlCgvXJeCITaKS5p+PY0XXKjf/vUyIpWjQ==",
			"dependencies": {
				"@formatjs/ecma402-abstract": "1.11.8",
				"@formatjs/icu-skeleton-parser": "1.3.10",
				"tslib": "2.4.0"
			}
		},
		"node_modules/@formatjs/icu-skeleton-parser": {
			"version": "1.3.10",
			"resolved": "https://registry.npmjs.org/@formatjs/icu-skeleton-parser/-/icu-skeleton-parser-1.3.10.tgz",
			"integrity": "sha512-kXJmtLDqFF5aLTf8IxdJXnhrIX1Qb4Qp3a9jqRecGDYfzOa9hMhi9U0nKyhrJJ4cXxBzptcgb+LWkyeHL6nlBQ==",
			"dependencies": {
				"@formatjs/ecma402-abstract": "1.11.8",
				"tslib": "2.4.0"
			}
		},
		"node_modules/@formatjs/intl": {
			"version": "2.3.1",
			"resolved": "https://registry.npmjs.org/@formatjs/intl/-/intl-2.3.1.tgz",
			"integrity": "sha512-f06qZ/ukpeN24gc01qFjh3P+r3FU/ikY4yG+fDJu6dPNvpUQzDy98lYogA1dr6ig2UtrnoEk3xncyFPL1e9cZw==",
			"dependencies": {
				"@formatjs/ecma402-abstract": "1.11.8",
				"@formatjs/fast-memoize": "1.2.4",
				"@formatjs/icu-messageformat-parser": "2.1.4",
				"@formatjs/intl-displaynames": "6.0.3",
				"@formatjs/intl-listformat": "7.0.3",
				"intl-messageformat": "10.1.1",
				"tslib": "2.4.0"
			},
			"peerDependencies": {
				"typescript": "^4.5"
			},
			"peerDependenciesMeta": {
				"typescript": {
					"optional": true
				}
			}
		},
		"node_modules/@formatjs/intl-displaynames": {
			"version": "6.0.3",
			"resolved": "https://registry.npmjs.org/@formatjs/intl-displaynames/-/intl-displaynames-6.0.3.tgz",
			"integrity": "sha512-Mxh6W1VOlmiEvO/QPBrBQHlXrIn5VxjJWyyEI0V7ZHNGl0ee8AjSlq7vIJG8GodRJqGUuutF6N3OB/6qFv0YWg==",
			"dependencies": {
				"@formatjs/ecma402-abstract": "1.11.8",
				"@formatjs/intl-localematcher": "0.2.28",
				"tslib": "2.4.0"
			}
		},
		"node_modules/@formatjs/intl-listformat": {
			"version": "7.0.3",
			"resolved": "https://registry.npmjs.org/@formatjs/intl-listformat/-/intl-listformat-7.0.3.tgz",
			"integrity": "sha512-ampNLRGZl/08epHa3i5sRmcHGLneC6JrknexbbgnexYFNSmJ6AbL/dCzgrQzw2Efl+5AZK7UbNFxcDYY3RePvw==",
			"dependencies": {
				"@formatjs/ecma402-abstract": "1.11.8",
				"@formatjs/intl-localematcher": "0.2.28",
				"tslib": "2.4.0"
			}
		},
		"node_modules/@formatjs/intl-localematcher": {
			"version": "0.2.28",
			"resolved": "https://registry.npmjs.org/@formatjs/intl-localematcher/-/intl-localematcher-0.2.28.tgz",
			"integrity": "sha512-FLsc6Gifs1np/8HnCn/7Q+lHMmenrD5fuDhRT82yj0gi9O19kfaFwjQUw1gZsyILuRyT93GuzdifHj7TKRhBcw==",
			"dependencies": {
				"tslib": "2.4.0"
			}
		},
		"node_modules/@linaria/core": {
			"version": "3.0.0-beta.22",
			"resolved": "https://registry.npmjs.org/@linaria/core/-/core-3.0.0-beta.22.tgz",
			"integrity": "sha512-BPSecW8QmhQ0y+5cWXEja+MTmLsuo0T1PjqRlSWsmDgjJFFObqCnPEgbR1KNtQb3Msmx1/9q3dYKpA5Zk3g8KQ==",
			"dependencies": {
				"@linaria/logger": "^3.0.0-beta.20",
				"@linaria/utils": "^3.0.0-beta.20"
			},
			"engines": {
				"node": "^12.16.0 || >=13.7.0"
			}
		},
		"node_modules/@linaria/logger": {
			"version": "3.0.0-beta.20",
			"resolved": "https://registry.npmjs.org/@linaria/logger/-/logger-3.0.0-beta.20.tgz",
			"integrity": "sha512-wCxWnldCHf7HXdLG3QtbKyBur+z5V1qZTouSEvcVYDfd4aSRPOi/jLdwsZlsUq2PFGpA3jW6JnreZJ/vxuEl7g==",
			"dependencies": {
				"debug": "^4.1.1",
				"picocolors": "^1.0.0"
			},
			"engines": {
				"node": "^12.16.0 || >=13.7.0"
			}
		},
		"node_modules/@linaria/react": {
			"version": "3.0.0-beta.22",
			"resolved": "https://registry.npmjs.org/@linaria/react/-/react-3.0.0-beta.22.tgz",
			"integrity": "sha512-14rnb/zkzhFhJM3hbBOzLLS0bu01mOg23Rv2nGQUt5CWd+HOhksmqzqBtC/ijeVlY2hRI0rJJcng9r07LGGAPA==",
			"dependencies": {
				"@emotion/is-prop-valid": "^0.8.8",
				"@linaria/core": "^3.0.0-beta.22",
				"ts-invariant": "^0.10.3"
			},
			"engines": {
				"node": "^12.16.0 || >=13.7.0"
			},
			"peerDependencies": {
				"react": ">=16"
			}
		},
		"node_modules/@linaria/utils": {
			"version": "3.0.0-beta.20",
			"resolved": "https://registry.npmjs.org/@linaria/utils/-/utils-3.0.0-beta.20.tgz",
			"integrity": "sha512-SKRC9dBApzu0kTksVtGZ7eJz1vMu7xew/JEAjQj6XTQDblzWpTPyKQHBOGXNkqXjIB8PwAqWfvKzKapzaOwQaQ==",
			"engines": {
				"node": "^12.16.0 || >=13.7.0"
			}
		},
		"node_modules/@redux-saga/core": {
			"version": "1.1.3",
			"resolved": "https://registry.npmjs.org/@redux-saga/core/-/core-1.1.3.tgz",
			"integrity": "sha512-8tInBftak8TPzE6X13ABmEtRJGjtK17w7VUs7qV17S8hCO5S3+aUTWZ/DBsBJPdE8Z5jOPwYALyvofgq1Ws+kg==",
			"dependencies": {
				"@babel/runtime": "^7.6.3",
				"@redux-saga/deferred": "^1.1.2",
				"@redux-saga/delay-p": "^1.1.2",
				"@redux-saga/is": "^1.1.2",
				"@redux-saga/symbols": "^1.1.2",
				"@redux-saga/types": "^1.1.0",
				"redux": "^4.0.4",
				"typescript-tuple": "^2.2.1"
			}
		},
		"node_modules/@redux-saga/deferred": {
			"version": "1.1.2",
			"resolved": "https://registry.npmjs.org/@redux-saga/deferred/-/deferred-1.1.2.tgz",
			"integrity": "sha512-908rDLHFN2UUzt2jb4uOzj6afpjgJe3MjICaUNO3bvkV/kN/cNeI9PMr8BsFXB/MR8WTAZQq/PlTq8Kww3TBSQ=="
		},
		"node_modules/@redux-saga/delay-p": {
			"version": "1.1.2",
			"resolved": "https://registry.npmjs.org/@redux-saga/delay-p/-/delay-p-1.1.2.tgz",
			"integrity": "sha512-ojc+1IoC6OP65Ts5+ZHbEYdrohmIw1j9P7HS9MOJezqMYtCDgpkoqB5enAAZrNtnbSL6gVCWPHaoaTY5KeO0/g==",
			"dependencies": {
				"@redux-saga/symbols": "^1.1.2"
			}
		},
		"node_modules/@redux-saga/is": {
			"version": "1.1.2",
			"resolved": "https://registry.npmjs.org/@redux-saga/is/-/is-1.1.2.tgz",
			"integrity": "sha512-OLbunKVsCVNTKEf2cH4TYyNbbPgvmZ52iaxBD4I1fTif4+MTXMa4/Z07L83zW/hTCXwpSZvXogqMqLfex2Tg6w==",
			"dependencies": {
				"@redux-saga/symbols": "^1.1.2",
				"@redux-saga/types": "^1.1.0"
			}
		},
		"node_modules/@redux-saga/symbols": {
			"version": "1.1.2",
			"resolved": "https://registry.npmjs.org/@redux-saga/symbols/-/symbols-1.1.2.tgz",
			"integrity": "sha512-EfdGnF423glv3uMwLsGAtE6bg+R9MdqlHEzExnfagXPrIiuxwr3bdiAwz3gi+PsrQ3yBlaBpfGLtDG8rf3LgQQ=="
		},
		"node_modules/@redux-saga/types": {
			"version": "1.1.0",
			"resolved": "https://registry.npmjs.org/@redux-saga/types/-/types-1.1.0.tgz",
			"integrity": "sha512-afmTuJrylUU/0OtqzaRkbyYFFNgCF73Bvel/sw90pvGrWIZ+vyoIJqA6eMSoA6+nb443kTmulmBtC9NerXboNg=="
		},
		"node_modules/@types/hoist-non-react-statics": {
			"version": "3.3.1",
			"resolved": "https://registry.npmjs.org/@types/hoist-non-react-statics/-/hoist-non-react-statics-3.3.1.tgz",
			"integrity": "sha512-iMIqiko6ooLrTh1joXodJK5X9xeEALT1kM5G3ZLhD3hszxBdIEd5C75U834D9mLcINgD4OyZf5uQXjkuYydWvA==",
			"dependencies": {
				"@types/react": "*",
				"hoist-non-react-statics": "^3.3.0"
			}
		},
		"node_modules/@types/prop-types": {
			"version": "15.7.5",
			"resolved": "https://registry.npmjs.org/@types/prop-types/-/prop-types-15.7.5.tgz",
			"integrity": "sha512-JCB8C6SnDoQf0cNycqd/35A7MjcnK+ZTqE7judS6o7utxUCg6imJg3QK2qzHKszlTjcj2cn+NwMB2i96ubpj7w=="
		},
		"node_modules/@types/react": {
			"version": "18.0.14",
			"resolved": "https://registry.npmjs.org/@types/react/-/react-18.0.14.tgz",
			"integrity": "sha512-x4gGuASSiWmo0xjDLpm5mPb52syZHJx02VKbqUKdLmKtAwIh63XClGsiTI1K6DO5q7ox4xAsQrU+Gl3+gGXF9Q==",
			"dependencies": {
				"@types/prop-types": "*",
				"@types/scheduler": "*",
				"csstype": "^3.0.2"
			}
		},
		"node_modules/@types/scheduler": {
			"version": "0.16.2",
			"resolved": "https://registry.npmjs.org/@types/scheduler/-/scheduler-0.16.2.tgz",
			"integrity": "sha512-hppQEBDmlwhFAXKJX2KnWLYu5yMfi91yazPb2l+lbJiwW+wdo1gNeRA+3RgNSO39WYX2euey41KEwnqesU2Jew=="
		},
		"node_modules/@types/use-sync-external-store": {
			"version": "0.0.3",
			"resolved": "https://registry.npmjs.org/@types/use-sync-external-store/-/use-sync-external-store-0.0.3.tgz",
			"integrity": "sha512-EwmlvuaxPNej9+T4v5AuBPJa2x2UOJVdjCtDHgcDqitUeOtjnJKJ+apYjVcAoBEMjKW1VVFGZLUb5+qqa09XFA=="
		},
		"node_modules/csstype": {
			"version": "3.1.0",
			"resolved": "https://registry.npmjs.org/csstype/-/csstype-3.1.0.tgz",
			"integrity": "sha512-uX1KG+x9h5hIJsaKR9xHUeUraxf8IODOwq9JLNPq6BwB04a/xgpq3rcx47l5BZu5zBPlgD342tdke3Hom/nJRA=="
		},
		"node_modules/debug": {
			"version": "4.3.4",
			"resolved": "https://registry.npmjs.org/debug/-/debug-4.3.4.tgz",
			"integrity": "sha512-PRWFHuSU3eDtQJPvnNY7Jcket1j0t5OuOsFzPPzsekD52Zl8qUfFIPEiswXqIvHWGVHOgX+7G/vCNNhehwxfkQ==",
			"dependencies": {
				"ms": "2.1.2"
			},
			"engines": {
				"node": ">=6.0"
			},
			"peerDependenciesMeta": {
				"supports-color": {
					"optional": true
				}
			}
		},
		"node_modules/history": {
			"version": "5.3.0",
			"resolved": "https://registry.npmjs.org/history/-/history-5.3.0.tgz",
			"integrity": "sha512-ZqaKwjjrAYUYfLG+htGaIIZ4nioX2L70ZUMIFysS3xvBsSG4x/n1V6TXV3N8ZYNuFGlDirFg32T7B6WOUPDYcQ==",
			"dependencies": {
				"@babel/runtime": "^7.7.6"
			}
		},
		"node_modules/hoist-non-react-statics": {
			"version": "3.3.2",
			"resolved": "https://registry.npmjs.org/hoist-non-react-statics/-/hoist-non-react-statics-3.3.2.tgz",
			"integrity": "sha512-/gGivxi8JPKWNm/W0jSmzcMPpfpPLc3dY/6GxhX2hQ9iGj3aDfklV4ET7NjKpSinLpJ5vafa9iiGIEZg10SfBw==",
			"dependencies": {
				"react-is": "^16.7.0"
			}
		},
		"node_modules/intl-messageformat": {
			"version": "10.1.1",
			"resolved": "https://registry.npmjs.org/intl-messageformat/-/intl-messageformat-10.1.1.tgz",
			"integrity": "sha512-FeJne2oooYW6shLPbrqyjRX6hTELVrQ90Dn88z7NomLk/xZBCLxLPAkgaYaTQJBRBV78nZ933d8APHHkTQrD9Q==",
			"dependencies": {
				"@formatjs/ecma402-abstract": "1.11.8",
				"@formatjs/fast-memoize": "1.2.4",
				"@formatjs/icu-messageformat-parser": "2.1.4",
				"tslib": "2.4.0"
			}
		},
		"node_modules/js-tokens": {
			"version": "4.0.0",
			"resolved": "https://registry.npmjs.org/js-tokens/-/js-tokens-4.0.0.tgz",
			"integrity": "sha512-RdJUflcE3cUzKiMqQgsCu06FPu9UdIJO0beYbPhHN4k6apgJtifcoCtT9bcxOpYBtpD2kCM6Sbzg4CausW/PKQ=="
		},
		"node_modules/loose-envify": {
			"version": "1.4.0",
			"resolved": "https://registry.npmjs.org/loose-envify/-/loose-envify-1.4.0.tgz",
			"integrity": "sha512-lyuxPGr/Wfhrlem2CL/UcnUc1zcqKAImBDzukY7Y5F/yQiNdko6+fRLevlw1HgMySw7f611UIY408EtxRSoK3Q==",
			"dependencies": {
				"js-tokens": "^3.0.0 || ^4.0.0"
			},
			"bin": {
				"loose-envify": "cli.js"
			}
		},
		"node_modules/ms": {
			"version": "2.1.2",
			"resolved": "https://registry.npmjs.org/ms/-/ms-2.1.2.tgz",
			"integrity": "sha512-sGkPx+VjMtmA6MX27oA4FBFELFCZZ4S4XqeGOXCv68tT+jb3vk/RyaKWP0PTKyWtmLSM0b+adUTEvbs1PEaH2w=="
		},
		"node_modules/picocolors": {
			"version": "1.0.0",
			"resolved": "https://registry.npmjs.org/picocolors/-/picocolors-1.0.0.tgz",
			"integrity": "sha512-1fygroTLlHu66zi26VoTDv8yRgm0Fccecssto+MhsZ0D/DGW2sm8E8AjW7NU5VVTRt5GxbeZ5qBuJr+HyLYkjQ=="
		},
		"node_modules/react": {
			"version": "18.2.0",
			"resolved": "https://registry.npmjs.org/react/-/react-18.2.0.tgz",
			"integrity": "sha512-/3IjMdb2L9QbBdWiW5e3P2/npwMBaU9mHCSCUzNln0ZCYbcfTsGbTJrU/kGemdH2IWmB2ioZ+zkxtmq6g09fGQ==",
			"dependencies": {
				"loose-envify": "^1.1.0"
			},
			"engines": {
				"node": ">=0.10.0"
			}
		},
		"node_modules/react-dom": {
			"version": "18.2.0",
			"resolved": "https://registry.npmjs.org/react-dom/-/react-dom-18.2.0.tgz",
			"integrity": "sha512-6IMTriUmvsjHUjNtEDudZfuDQUoWXVxKHhlEGSk81n4YFS+r/Kl99wXiwlVXtPBtJenozv2P+hxDsw9eA7Xo6g==",
			"dependencies": {
				"loose-envify": "^1.1.0",
				"scheduler": "^0.23.0"
			},
			"peerDependencies": {
				"react": "^18.2.0"
			}
		},
		"node_modules/react-intl": {
			"version": "6.0.5",
			"resolved": "https://registry.npmjs.org/react-intl/-/react-intl-6.0.5.tgz",
			"integrity": "sha512-nDZ3BosuE8WdovcGxsrjj1aIgJZklSL5aORs5oah+5tLQTzUdOEstzJEYQPM+sxl1dkDOu7RCuw0z9oI9ENf9g==",
			"dependencies": {
				"@formatjs/ecma402-abstract": "1.11.8",
				"@formatjs/icu-messageformat-parser": "2.1.4",
				"@formatjs/intl": "2.3.1",
				"@formatjs/intl-displaynames": "6.0.3",
				"@formatjs/intl-listformat": "7.0.3",
				"@types/hoist-non-react-statics": "^3.3.1",
				"@types/react": "16 || 17 || 18",
				"hoist-non-react-statics": "^3.3.2",
				"intl-messageformat": "10.1.1",
				"tslib": "2.4.0"
			},
			"peerDependencies": {
				"react": "^16.6.0 || 17 || 18",
				"typescript": "^4.5"
			},
			"peerDependenciesMeta": {
				"typescript": {
					"optional": true
				}
			}
		},
		"node_modules/react-is": {
			"version": "16.13.1",
			"resolved": "https://registry.npmjs.org/react-is/-/react-is-16.13.1.tgz",
			"integrity": "sha512-24e6ynE2H+OKt4kqsOvNd8kBpV65zoxbA4BVsEOB3ARVWQki/DHzaUoC5KuON/BiccDaCCTZBuOcfZs70kR8bQ=="
		},
		"node_modules/react-redux": {
			"version": "8.0.2",
			"resolved": "https://registry.npmjs.org/react-redux/-/react-redux-8.0.2.tgz",
			"integrity": "sha512-nBwiscMw3NoP59NFCXFf02f8xdo+vSHT/uZ1ldDwF7XaTpzm+Phk97VT4urYBl5TYAPNVaFm12UHAEyzkpNzRA==",
			"dependencies": {
				"@babel/runtime": "^7.12.1",
				"@types/hoist-non-react-statics": "^3.3.1",
				"@types/use-sync-external-store": "^0.0.3",
				"hoist-non-react-statics": "^3.3.2",
				"react-is": "^18.0.0",
				"use-sync-external-store": "^1.0.0"
			},
			"peerDependencies": {
				"@types/react": "^16.8 || ^17.0 || ^18.0",
				"@types/react-dom": "^16.8 || ^17.0 || ^18.0",
				"react": "^16.8 || ^17.0 || ^18.0",
				"react-dom": "^16.8 || ^17.0 || ^18.0",
				"react-native": ">=0.59",
				"redux": "^4"
			},
			"peerDependenciesMeta": {
				"@types/react": {
					"optional": true
				},
				"@types/react-dom": {
					"optional": true
				},
				"react-dom": {
					"optional": true
				},
				"react-native": {
					"optional": true
				},
				"redux": {
					"optional": true
				}
			}
		},
		"node_modules/react-redux/node_modules/react-is": {
			"version": "18.2.0",
			"resolved": "https://registry.npmjs.org/react-is/-/react-is-18.2.0.tgz",
			"integrity": "sha512-xWGDIW6x921xtzPkhiULtthJHoJvBbF3q26fzloPCK0hsvxtPVelvftw3zjbHWSkR2km9Z+4uxbDDK/6Zw9B8w=="
		},
		"node_modules/redux": {
			"version": "4.2.0",
			"resolved": "https://registry.npmjs.org/redux/-/redux-4.2.0.tgz",
			"integrity": "sha512-oSBmcKKIuIR4ME29/AeNUnl5L+hvBq7OaJWzaptTQJAntaPvxIJqfnjbaEiCzzaIz+XmVILfqAM3Ob0aXLPfjA==",
			"dependencies": {
				"@babel/runtime": "^7.9.2"
			}
		},
		"node_modules/redux-saga": {
			"version": "1.1.3",
			"resolved": "https://registry.npmjs.org/redux-saga/-/redux-saga-1.1.3.tgz",
			"integrity": "sha512-RkSn/z0mwaSa5/xH/hQLo8gNf4tlvT18qXDNvedihLcfzh+jMchDgaariQoehCpgRltEm4zHKJyINEz6aqswTw==",
			"dependencies": {
				"@redux-saga/core": "^1.1.3"
			}
		},
		"node_modules/regenerator-runtime": {
			"version": "0.13.9",
			"resolved": "https://registry.npmjs.org/regenerator-runtime/-/regenerator-runtime-0.13.9.tgz",
			"integrity": "sha512-p3VT+cOEgxFsRRA9X4lkI1E+k2/CtnKtU4gcxyaCUreilL/vqI6CdZ3wxVUx3UOUg+gnUOQQcRI7BmSI656MYA=="
		},
		"node_modules/scheduler": {
			"version": "0.23.0",
			"resolved": "https://registry.npmjs.org/scheduler/-/scheduler-0.23.0.tgz",
			"integrity": "sha512-CtuThmgHNg7zIZWAXi3AsyIzA3n4xx7aNyjwC2VJldO2LMVDhFK+63xGqq6CsJH4rTAt6/M+N4GhZiDYPx9eUw==",
			"dependencies": {
				"loose-envify": "^1.1.0"
			}
		},
		"node_modules/ts-invariant": {
			"version": "0.10.3",
			"resolved": "https://registry.npmjs.org/ts-invariant/-/ts-invariant-0.10.3.tgz",
			"integrity": "sha512-uivwYcQaxAucv1CzRp2n/QdYPo4ILf9VXgH19zEIjFx2EJufV16P0JtJVpYHy89DItG6Kwj2oIUjrcK5au+4tQ==",
			"dependencies": {
				"tslib": "^2.1.0"
			},
			"engines": {
				"node": ">=8"
			}
		},
		"node_modules/tslib": {
			"version": "2.4.0",
			"resolved": "https://registry.npmjs.org/tslib/-/tslib-2.4.0.tgz",
			"integrity": "sha512-d6xOpEDfsi2CZVlPQzGeux8XMwLT9hssAsaPYExaQMuYskwb+x1x7J371tWlbBdWHroy99KnVB6qIkUbs5X3UQ=="
		},
		"node_modules/typescript-compare": {
			"version": "0.0.2",
			"resolved": "https://registry.npmjs.org/typescript-compare/-/typescript-compare-0.0.2.tgz",
			"integrity": "sha512-8ja4j7pMHkfLJQO2/8tut7ub+J3Lw2S3061eJLFQcvs3tsmJKp8KG5NtpLn7KcY2w08edF74BSVN7qJS0U6oHA==",
			"dependencies": {
				"typescript-logic": "^0.0.0"
			}
		},
		"node_modules/typescript-logic": {
			"version": "0.0.0",
			"resolved": "https://registry.npmjs.org/typescript-logic/-/typescript-logic-0.0.0.tgz",
			"integrity": "sha512-zXFars5LUkI3zP492ls0VskH3TtdeHCqu0i7/duGt60i5IGPIpAHE/DWo5FqJ6EjQ15YKXrt+AETjv60Dat34Q=="
		},
		"node_modules/typescript-tuple": {
			"version": "2.2.1",
			"resolved": "https://registry.npmjs.org/typescript-tuple/-/typescript-tuple-2.2.1.tgz",
			"integrity": "sha512-Zcr0lbt8z5ZdEzERHAMAniTiIKerFCMgd7yjq1fPnDJ43et/k9twIFQMUYff9k5oXcsQ0WpvFcgzK2ZKASoW6Q==",
			"dependencies": {
				"typescript-compare": "^0.0.2"
			}
		},
		"node_modules/use-sync-external-store": {
			"version": "1.2.0",
			"resolved": "https://registry.npmjs.org/use-sync-external-store/-/use-sync-external-store-1.2.0.tgz",
			"integrity": "sha512-eEgnFxGQ1Ife9bzYs6VLi8/4X6CObHMw9Qr9tPY43iKwsPw8xE8+EFsf/2cFZ5S3esXgpWgtSCtLNS41F+sKPA==",
			"peerDependencies": {
				"react": "^16.8.0 || ^17.0.0 || ^18.0.0"
			}
		}
	},
	"dependencies": {
		"@babel/runtime": {
			"version": "7.18.3",
			"resolved": "https://registry.npmjs.org/@babel/runtime/-/runtime-7.18.3.tgz",
			"integrity": "sha512-38Y8f7YUhce/K7RMwTp7m0uCumpv9hZkitCbBClqQIow1qSbCvGkcegKOXpEWCQLfWmevgRiWokZ1GkpfhbZug==",
			"requires": {
				"regenerator-runtime": "^0.13.4"
			}
		},
		"@emotion/is-prop-valid": {
			"version": "0.8.8",
			"resolved": "https://registry.npmjs.org/@emotion/is-prop-valid/-/is-prop-valid-0.8.8.tgz",
			"integrity": "sha512-u5WtneEAr5IDG2Wv65yhunPSMLIpuKsbuOktRojfrEiEvRyC85LgPMZI63cr7NUqT8ZIGdSVg8ZKGxIug4lXcA==",
			"requires": {
				"@emotion/memoize": "0.7.4"
			}
		},
		"@emotion/memoize": {
			"version": "0.7.4",
			"resolved": "https://registry.npmjs.org/@emotion/memoize/-/memoize-0.7.4.tgz",
			"integrity": "sha512-Ja/Vfqe3HpuzRsG1oBtWTHk2PGZ7GR+2Vz5iYGelAw8dx32K0y7PjVuxK6z1nMpZOqAFsRUPCkK1YjJ56qJlgw=="
		},
		"@formatjs/ecma402-abstract": {
			"version": "1.11.8",
			"resolved": "https://registry.npmjs.org/@formatjs/ecma402-abstract/-/ecma402-abstract-1.11.8.tgz",
			"integrity": "sha512-fgLqyWlwmTEuqV/TSLEL/t9JOmHNLFvCdgzXB0jc2w+WOItPCOJ1T0eyN6fQBQKRPfSqqNlu+kWj7ijcOVTVVQ==",
			"requires": {
				"@formatjs/intl-localematcher": "0.2.28",
				"tslib": "2.4.0"
			}
		},
		"@formatjs/fast-memoize": {
			"version": "1.2.4",
			"resolved": "https://registry.npmjs.org/@formatjs/fast-memoize/-/fast-memoize-1.2.4.tgz",
			"integrity": "sha512-9ARYoLR8AEzXvj2nYrOVHY/h1dDMDWGTnKDLXSISF1uoPakSmfcZuSqjiqZX2wRkEUimPxdwTu/agyozBtZRHA==",
			"requires": {
				"tslib": "2.4.0"
			}
		},
		"@formatjs/icu-messageformat-parser": {
			"version": "2.1.4",
			"resolved": "https://registry.npmjs.org/@formatjs/icu-messageformat-parser/-/icu-messageformat-parser-2.1.4.tgz",
			"integrity": "sha512-3PqMvKWV1oyok0BuiXUAHIaotdhdTJw6OICqCZbfUgKT+ZRwRWO4IlCgvXJeCITaKS5p+PY0XXKjf/vUyIpWjQ==",
			"requires": {
				"@formatjs/ecma402-abstract": "1.11.8",
				"@formatjs/icu-skeleton-parser": "1.3.10",
				"tslib": "2.4.0"
			}
		},
		"@formatjs/icu-skeleton-parser": {
			"version": "1.3.10",
			"resolved": "https://registry.npmjs.org/@formatjs/icu-skeleton-parser/-/icu-skeleton-parser-1.3.10.tgz",
			"integrity": "sha512-kXJmtLDqFF5aLTf8IxdJXnhrIX1Qb4Qp3a9jqRecGDYfzOa9hMhi9U0nKyhrJJ4cXxBzptcgb+LWkyeHL6nlBQ==",
			"requires": {
				"@formatjs/ecma402-abstract": "1.11.8",
				"tslib": "2.4.0"
			}
		},
		"@formatjs/intl": {
			"version": "2.3.1",
			"resolved": "https://registry.npmjs.org/@formatjs/intl/-/intl-2.3.1.tgz",
			"integrity": "sha512-f06qZ/ukpeN24gc01qFjh3P+r3FU/ikY4yG+fDJu6dPNvpUQzDy98lYogA1dr6ig2UtrnoEk3xncyFPL1e9cZw==",
			"requires": {
				"@formatjs/ecma402-abstract": "1.11.8",
				"@formatjs/fast-memoize": "1.2.4",
				"@formatjs/icu-messageformat-parser": "2.1.4",
				"@formatjs/intl-displaynames": "6.0.3",
				"@formatjs/intl-listformat": "7.0.3",
				"intl-messageformat": "10.1.1",
				"tslib": "2.4.0"
			}
		},
		"@formatjs/intl-displaynames": {
			"version": "6.0.3",
			"resolved": "https://registry.npmjs.org/@formatjs/intl-displaynames/-/intl-displaynames-6.0.3.tgz",
			"integrity": "sha512-Mxh6W1VOlmiEvO/QPBrBQHlXrIn5VxjJWyyEI0V7ZHNGl0ee8AjSlq7vIJG8GodRJqGUuutF6N3OB/6qFv0YWg==",
			"requires": {
				"@formatjs/ecma402-abstract": "1.11.8",
				"@formatjs/intl-localematcher": "0.2.28",
				"tslib": "2.4.0"
			}
		},
		"@formatjs/intl-listformat": {
			"version": "7.0.3",
			"resolved": "https://registry.npmjs.org/@formatjs/intl-listformat/-/intl-listformat-7.0.3.tgz",
			"integrity": "sha512-ampNLRGZl/08epHa3i5sRmcHGLneC6JrknexbbgnexYFNSmJ6AbL/dCzgrQzw2Efl+5AZK7UbNFxcDYY3RePvw==",
			"requires": {
				"@formatjs/ecma402-abstract": "1.11.8",
				"@formatjs/intl-localematcher": "0.2.28",
				"tslib": "2.4.0"
			}
		},
		"@formatjs/intl-localematcher": {
			"version": "0.2.28",
			"resolved": "https://registry.npmjs.org/@formatjs/intl-localematcher/-/intl-localematcher-0.2.28.tgz",
			"integrity": "sha512-FLsc6Gifs1np/8HnCn/7Q+lHMmenrD5fuDhRT82yj0gi9O19kfaFwjQUw1gZsyILuRyT93GuzdifHj7TKRhBcw==",
			"requires": {
				"tslib": "2.4.0"
			}
		},
		"@linaria/core": {
			"version": "3.0.0-beta.22",
			"resolved": "https://registry.npmjs.org/@linaria/core/-/core-3.0.0-beta.22.tgz",
			"integrity": "sha512-BPSecW8QmhQ0y+5cWXEja+MTmLsuo0T1PjqRlSWsmDgjJFFObqCnPEgbR1KNtQb3Msmx1/9q3dYKpA5Zk3g8KQ==",
			"requires": {
				"@linaria/logger": "^3.0.0-beta.20",
				"@linaria/utils": "^3.0.0-beta.20"
			}
		},
		"@linaria/logger": {
			"version": "3.0.0-beta.20",
			"resolved": "https://registry.npmjs.org/@linaria/logger/-/logger-3.0.0-beta.20.tgz",
			"integrity": "sha512-wCxWnldCHf7HXdLG3QtbKyBur+z5V1qZTouSEvcVYDfd4aSRPOi/jLdwsZlsUq2PFGpA3jW6JnreZJ/vxuEl7g==",
			"requires": {
				"debug": "^4.1.1",
				"picocolors": "^1.0.0"
			}
		},
		"@linaria/react": {
			"version": "3.0.0-beta.22",
			"resolved": "https://registry.npmjs.org/@linaria/react/-/react-3.0.0-beta.22.tgz",
			"integrity": "sha512-14rnb/zkzhFhJM3hbBOzLLS0bu01mOg23Rv2nGQUt5CWd+HOhksmqzqBtC/ijeVlY2hRI0rJJcng9r07LGGAPA==",
			"requires": {
				"@emotion/is-prop-valid": "^0.8.8",
				"@linaria/core": "^3.0.0-beta.22",
				"ts-invariant": "^0.10.3"
			}
		},
		"@linaria/utils": {
			"version": "3.0.0-beta.20",
			"resolved": "https://registry.npmjs.org/@linaria/utils/-/utils-3.0.0-beta.20.tgz",
			"integrity": "sha512-SKRC9dBApzu0kTksVtGZ7eJz1vMu7xew/JEAjQj6XTQDblzWpTPyKQHBOGXNkqXjIB8PwAqWfvKzKapzaOwQaQ=="
		},
		"@redux-saga/core": {
			"version": "1.1.3",
			"resolved": "https://registry.npmjs.org/@redux-saga/core/-/core-1.1.3.tgz",
			"integrity": "sha512-8tInBftak8TPzE6X13ABmEtRJGjtK17w7VUs7qV17S8hCO5S3+aUTWZ/DBsBJPdE8Z5jOPwYALyvofgq1Ws+kg==",
			"requires": {
				"@babel/runtime": "^7.6.3",
				"@redux-saga/deferred": "^1.1.2",
				"@redux-saga/delay-p": "^1.1.2",
				"@redux-saga/is": "^1.1.2",
				"@redux-saga/symbols": "^1.1.2",
				"@redux-saga/types": "^1.1.0",
				"redux": "^4.0.4",
				"typescript-tuple": "^2.2.1"
			}
		},
		"@redux-saga/deferred": {
			"version": "1.1.2",
			"resolved": "https://registry.npmjs.org/@redux-saga/deferred/-/deferred-1.1.2.tgz",
			"integrity": "sha512-908rDLHFN2UUzt2jb4uOzj6afpjgJe3MjICaUNO3bvkV/kN/cNeI9PMr8BsFXB/MR8WTAZQq/PlTq8Kww3TBSQ=="
		},
		"@redux-saga/delay-p": {
			"version": "1.1.2",
			"resolved": "https://registry.npmjs.org/@redux-saga/delay-p/-/delay-p-1.1.2.tgz",
			"integrity": "sha512-ojc+1IoC6OP65Ts5+ZHbEYdrohmIw1j9P7HS9MOJezqMYtCDgpkoqB5enAAZrNtnbSL6gVCWPHaoaTY5KeO0/g==",
			"requires": {
				"@redux-saga/symbols": "^1.1.2"
			}
		},
		"@redux-saga/is": {
			"version": "1.1.2",
			"resolved": "https://registry.npmjs.org/@redux-saga/is/-/is-1.1.2.tgz",
			"integrity": "sha512-OLbunKVsCVNTKEf2cH4TYyNbbPgvmZ52iaxBD4I1fTif4+MTXMa4/Z07L83zW/hTCXwpSZvXogqMqLfex2Tg6w==",
			"requires": {
				"@redux-saga/symbols": "^1.1.2",
				"@redux-saga/types": "^1.1.0"
			}
		},
		"@redux-saga/symbols": {
			"version": "1.1.2",
			"resolved": "https://registry.npmjs.org/@redux-saga/symbols/-/symbols-1.1.2.tgz",
			"integrity": "sha512-EfdGnF423glv3uMwLsGAtE6bg+R9MdqlHEzExnfagXPrIiuxwr3bdiAwz3gi+PsrQ3yBlaBpfGLtDG8rf3LgQQ=="
		},
		"@redux-saga/types": {
			"version": "1.1.0",
			"resolved": "https://registry.npmjs.org/@redux-saga/types/-/types-1.1.0.tgz",
			"integrity": "sha512-afmTuJrylUU/0OtqzaRkbyYFFNgCF73Bvel/sw90pvGrWIZ+vyoIJqA6eMSoA6+nb443kTmulmBtC9NerXboNg=="
		},
		"@types/hoist-non-react-statics": {
			"version": "3.3.1",
			"resolved": "https://registry.npmjs.org/@types/hoist-non-react-statics/-/hoist-non-react-statics-3.3.1.tgz",
			"integrity": "sha512-iMIqiko6ooLrTh1joXodJK5X9xeEALT1kM5G3ZLhD3hszxBdIEd5C75U834D9mLcINgD4OyZf5uQXjkuYydWvA==",
			"requires": {
				"@types/react": "*",
				"hoist-non-react-statics": "^3.3.0"
			}
		},
		"@types/prop-types": {
			"version": "15.7.5",
			"resolved": "https://registry.npmjs.org/@types/prop-types/-/prop-types-15.7.5.tgz",
			"integrity": "sha512-JCB8C6SnDoQf0cNycqd/35A7MjcnK+ZTqE7judS6o7utxUCg6imJg3QK2qzHKszlTjcj2cn+NwMB2i96ubpj7w=="
		},
		"@types/react": {
			"version": "18.0.14",
			"resolved": "https://registry.npmjs.org/@types/react/-/react-18.0.14.tgz",
			"integrity": "sha512-x4gGuASSiWmo0xjDLpm5mPb52syZHJx02VKbqUKdLmKtAwIh63XClGsiTI1K6DO5q7ox4xAsQrU+Gl3+gGXF9Q==",
			"requires": {
				"@types/prop-types": "*",
				"@types/scheduler": "*",
				"csstype": "^3.0.2"
			}
		},
		"@types/scheduler": {
			"version": "0.16.2",
			"resolved": "https://registry.npmjs.org/@types/scheduler/-/scheduler-0.16.2.tgz",
			"integrity": "sha512-hppQEBDmlwhFAXKJX2KnWLYu5yMfi91yazPb2l+lbJiwW+wdo1gNeRA+3RgNSO39WYX2euey41KEwnqesU2Jew=="
		},
		"@types/use-sync-external-store": {
			"version": "0.0.3",
			"resolved": "https://registry.npmjs.org/@types/use-sync-external-store/-/use-sync-external-store-0.0.3.tgz",
			"integrity": "sha512-EwmlvuaxPNej9+T4v5AuBPJa2x2UOJVdjCtDHgcDqitUeOtjnJKJ+apYjVcAoBEMjKW1VVFGZLUb5+qqa09XFA=="
		},
		"csstype": {
			"version": "3.1.0",
			"resolved": "https://registry.npmjs.org/csstype/-/csstype-3.1.0.tgz",
			"integrity": "sha512-uX1KG+x9h5hIJsaKR9xHUeUraxf8IODOwq9JLNPq6BwB04a/xgpq3rcx47l5BZu5zBPlgD342tdke3Hom/nJRA=="
		},
		"debug": {
			"version": "4.3.4",
			"resolved": "https://registry.npmjs.org/debug/-/debug-4.3.4.tgz",
			"integrity": "sha512-PRWFHuSU3eDtQJPvnNY7Jcket1j0t5OuOsFzPPzsekD52Zl8qUfFIPEiswXqIvHWGVHOgX+7G/vCNNhehwxfkQ==",
			"requires": {
				"ms": "2.1.2"
			}
		},
		"history": {
			"version": "5.3.0",
			"resolved": "https://registry.npmjs.org/history/-/history-5.3.0.tgz",
			"integrity": "sha512-ZqaKwjjrAYUYfLG+htGaIIZ4nioX2L70ZUMIFysS3xvBsSG4x/n1V6TXV3N8ZYNuFGlDirFg32T7B6WOUPDYcQ==",
			"requires": {
				"@babel/runtime": "^7.7.6"
			}
		},
		"hoist-non-react-statics": {
			"version": "3.3.2",
			"resolved": "https://registry.npmjs.org/hoist-non-react-statics/-/hoist-non-react-statics-3.3.2.tgz",
			"integrity": "sha512-/gGivxi8JPKWNm/W0jSmzcMPpfpPLc3dY/6GxhX2hQ9iGj3aDfklV4ET7NjKpSinLpJ5vafa9iiGIEZg10SfBw==",
			"requires": {
				"react-is": "^16.7.0"
			}
		},
		"intl-messageformat": {
			"version": "10.1.1",
			"resolved": "https://registry.npmjs.org/intl-messageformat/-/intl-messageformat-10.1.1.tgz",
			"integrity": "sha512-FeJne2oooYW6shLPbrqyjRX6hTELVrQ90Dn88z7NomLk/xZBCLxLPAkgaYaTQJBRBV78nZ933d8APHHkTQrD9Q==",
			"requires": {
				"@formatjs/ecma402-abstract": "1.11.8",
				"@formatjs/fast-memoize": "1.2.4",
				"@formatjs/icu-messageformat-parser": "2.1.4",
				"tslib": "2.4.0"
			}
		},
		"js-tokens": {
			"version": "4.0.0",
			"resolved": "https://registry.npmjs.org/js-tokens/-/js-tokens-4.0.0.tgz",
			"integrity": "sha512-RdJUflcE3cUzKiMqQgsCu06FPu9UdIJO0beYbPhHN4k6apgJtifcoCtT9bcxOpYBtpD2kCM6Sbzg4CausW/PKQ=="
		},
		"loose-envify": {
			"version": "1.4.0",
			"resolved": "https://registry.npmjs.org/loose-envify/-/loose-envify-1.4.0.tgz",
			"integrity": "sha512-lyuxPGr/Wfhrlem2CL/UcnUc1zcqKAImBDzukY7Y5F/yQiNdko6+fRLevlw1HgMySw7f611UIY408EtxRSoK3Q==",
			"requires": {
				"js-tokens": "^3.0.0 || ^4.0.0"
			}
		},
		"ms": {
			"version": "2.1.2",
			"resolved": "https://registry.npmjs.org/ms/-/ms-2.1.2.tgz",
			"integrity": "sha512-sGkPx+VjMtmA6MX27oA4FBFELFCZZ4S4XqeGOXCv68tT+jb3vk/RyaKWP0PTKyWtmLSM0b+adUTEvbs1PEaH2w=="
		},
		"picocolors": {
			"version": "1.0.0",
			"resolved": "https://registry.npmjs.org/picocolors/-/picocolors-1.0.0.tgz",
			"integrity": "sha512-1fygroTLlHu66zi26VoTDv8yRgm0Fccecssto+MhsZ0D/DGW2sm8E8AjW7NU5VVTRt5GxbeZ5qBuJr+HyLYkjQ=="
		},
		"react": {
			"version": "18.2.0",
			"resolved": "https://registry.npmjs.org/react/-/react-18.2.0.tgz",
			"integrity": "sha512-/3IjMdb2L9QbBdWiW5e3P2/npwMBaU9mHCSCUzNln0ZCYbcfTsGbTJrU/kGemdH2IWmB2ioZ+zkxtmq6g09fGQ==",
			"requires": {
				"loose-envify": "^1.1.0"
			}
		},
		"react-dom": {
			"version": "18.2.0",
			"resolved": "https://registry.npmjs.org/react-dom/-/react-dom-18.2.0.tgz",
			"integrity": "sha512-6IMTriUmvsjHUjNtEDudZfuDQUoWXVxKHhlEGSk81n4YFS+r/Kl99wXiwlVXtPBtJenozv2P+hxDsw9eA7Xo6g==",
			"requires": {
				"loose-envify": "^1.1.0",
				"scheduler": "^0.23.0"
			}
		},
		"react-intl": {
			"version": "6.0.5",
			"resolved": "https://registry.npmjs.org/react-intl/-/react-intl-6.0.5.tgz",
			"integrity": "sha512-nDZ3BosuE8WdovcGxsrjj1aIgJZklSL5aORs5oah+5tLQTzUdOEstzJEYQPM+sxl1dkDOu7RCuw0z9oI9ENf9g==",
			"requires": {
				"@formatjs/ecma402-abstract": "1.11.8",
				"@formatjs/icu-messageformat-parser": "2.1.4",
				"@formatjs/intl": "2.3.1",
				"@formatjs/intl-displaynames": "6.0.3",
				"@formatjs/intl-listformat": "7.0.3",
				"@types/hoist-non-react-statics": "^3.3.1",
				"@types/react": "16 || 17 || 18",
				"hoist-non-react-statics": "^3.3.2",
				"intl-messageformat": "10.1.1",
				"tslib": "2.4.0"
			}
		},
		"react-is": {
			"version": "16.13.1",
			"resolved": "https://registry.npmjs.org/react-is/-/react-is-16.13.1.tgz",
			"integrity": "sha512-24e6ynE2H+OKt4kqsOvNd8kBpV65zoxbA4BVsEOB3ARVWQki/DHzaUoC5KuON/BiccDaCCTZBuOcfZs70kR8bQ=="
		},
		"react-redux": {
			"version": "8.0.2",
			"resolved": "https://registry.npmjs.org/react-redux/-/react-redux-8.0.2.tgz",
			"integrity": "sha512-nBwiscMw3NoP59NFCXFf02f8xdo+vSHT/uZ1ldDwF7XaTpzm+Phk97VT4urYBl5TYAPNVaFm12UHAEyzkpNzRA==",
			"requires": {
				"@babel/runtime": "^7.12.1",
				"@types/hoist-non-react-statics": "^3.3.1",
				"@types/use-sync-external-store": "^0.0.3",
				"hoist-non-react-statics": "^3.3.2",
				"react-is": "^18.0.0",
				"use-sync-external-store": "^1.0.0"
			},
			"dependencies": {
				"react-is": {
					"version": "18.2.0",
					"resolved": "https://registry.npmjs.org/react-is/-/react-is-18.2.0.tgz",
					"integrity": "sha512-xWGDIW6x921xtzPkhiULtthJHoJvBbF3q26fzloPCK0hsvxtPVelvftw3zjbHWSkR2km9Z+4uxbDDK/6Zw9B8w=="
				}
			}
		},
		"redux": {
			"version": "4.2.0",
			"resolved": "https://registry.npmjs.org/redux/-/redux-4.2.0.tgz",
			"integrity": "sha512-oSBmcKKIuIR4ME29/AeNUnl5L+hvBq7OaJWzaptTQJAntaPvxIJqfnjbaEiCzzaIz+XmVILfqAM3Ob0aXLPfjA==",
			"requires": {
				"@babel/runtime": "^7.9.2"
			}
		},
		"redux-saga": {
			"version": "1.1.3",
			"resolved": "https://registry.npmjs.org/redux-saga/-/redux-saga-1.1.3.tgz",
			"integrity": "sha512-RkSn/z0mwaSa5/xH/hQLo8gNf4tlvT18qXDNvedihLcfzh+jMchDgaariQoehCpgRltEm4zHKJyINEz6aqswTw==",
			"requires": {
				"@redux-saga/core": "^1.1.3"
			}
		},
		"regenerator-runtime": {
			"version": "0.13.9",
			"resolved": "https://registry.npmjs.org/regenerator-runtime/-/regenerator-runtime-0.13.9.tgz",
			"integrity": "sha512-p3VT+cOEgxFsRRA9X4lkI1E+k2/CtnKtU4gcxyaCUreilL/vqI6CdZ3wxVUx3UOUg+gnUOQQcRI7BmSI656MYA=="
		},
		"scheduler": {
			"version": "0.23.0",
			"resolved": "https://registry.npmjs.org/scheduler/-/scheduler-0.23.0.tgz",
			"integrity": "sha512-CtuThmgHNg7zIZWAXi3AsyIzA3n4xx7aNyjwC2VJldO2LMVDhFK+63xGqq6CsJH4rTAt6/M+N4GhZiDYPx9eUw==",
			"requires": {
				"loose-envify": "^1.1.0"
			}
		},
		"ts-invariant": {
			"version": "0.10.3",
			"resolved": "https://registry.npmjs.org/ts-invariant/-/ts-invariant-0.10.3.tgz",
			"integrity": "sha512-uivwYcQaxAucv1CzRp2n/QdYPo4ILf9VXgH19zEIjFx2EJufV16P0JtJVpYHy89DItG6Kwj2oIUjrcK5au+4tQ==",
			"requires": {
				"tslib": "^2.1.0"
			}
		},
		"tslib": {
			"version": "2.4.0",
			"resolved": "https://registry.npmjs.org/tslib/-/tslib-2.4.0.tgz",
			"integrity": "sha512-d6xOpEDfsi2CZVlPQzGeux8XMwLT9hssAsaPYExaQMuYskwb+x1x7J371tWlbBdWHroy99KnVB6qIkUbs5X3UQ=="
		},
		"typescript-compare": {
			"version": "0.0.2",
			"resolved": "https://registry.npmjs.org/typescript-compare/-/typescript-compare-0.0.2.tgz",
			"integrity": "sha512-8ja4j7pMHkfLJQO2/8tut7ub+J3Lw2S3061eJLFQcvs3tsmJKp8KG5NtpLn7KcY2w08edF74BSVN7qJS0U6oHA==",
			"requires": {
				"typescript-logic": "^0.0.0"
			}
		},
		"typescript-logic": {
			"version": "0.0.0",
			"resolved": "https://registry.npmjs.org/typescript-logic/-/typescript-logic-0.0.0.tgz",
			"integrity": "sha512-zXFars5LUkI3zP492ls0VskH3TtdeHCqu0i7/duGt60i5IGPIpAHE/DWo5FqJ6EjQ15YKXrt+AETjv60Dat34Q=="
		},
		"typescript-tuple": {
			"version": "2.2.1",
			"resolved": "https://registry.npmjs.org/typescript-tuple/-/typescript-tuple-2.2.1.tgz",
			"integrity": "sha512-Zcr0lbt8z5ZdEzERHAMAniTiIKerFCMgd7yjq1fPnDJ43et/k9twIFQMUYff9k5oXcsQ0WpvFcgzK2ZKASoW6Q==",
			"requires": {
				"typescript-compare": "^0.0.2"
			}
		},
		"use-sync-external-store": {
			"version": "1.2.0",
			"resolved": "https://registry.npmjs.org/use-sync-external-store/-/use-sync-external-store-1.2.0.tgz",
			"integrity": "sha512-eEgnFxGQ1Ife9bzYs6VLi8/4X6CObHMw9Qr9tPY43iKwsPw8xE8+EFsf/2cFZ5S3esXgpWgtSCtLNS41F+sKPA==",
			"requires": {}
		}
	}
}
