{
  "name": "@lastui/dependencies",
  "version": "1.4.23",
  "lockfileVersion": 3,
  "requires": true,
  "packages": {
    "": {
      "name": "@lastui/dependencies",
      "version": "1.4.23",
      "license": "Apache-2.0",
      "dependencies": {
        "@linaria/core": "6.2.0",
        "@linaria/react": "6.2.1",
        "react": "18.3.1",
        "react-dom": "18.3.1",
        "react-intl": "6.6.6",
        "react-redux": "9.1.2",
        "react-router-dom": "6.23.0",
        "redux": "5.0.1",
        "redux-saga": "1.3.0",
        "regenerator-runtime": "0.14.1"
      },
      "engines": {
        "node": ">=20.0.0",
        "npm": ">=10.0.0"
      }
    },
    "node_modules/@babel/generator": {
      "version": "7.24.5",
      "resolved": "https://registry.npmjs.org/@babel/generator/-/generator-7.24.5.tgz",
      "integrity": "sha512-x32i4hEXvr+iI0NEoEfDKzlemF8AmtOP8CcrRaEcpzysWuoEb1KknpcvMsHKPONoKZiDuItklgWhB18xEhr9PA==",
      "dependencies": {
        "@babel/types": "^7.24.5",
        "@jridgewell/gen-mapping": "^0.3.5",
        "@jridgewell/trace-mapping": "^0.3.25",
        "jsesc": "^2.5.1"
      },
      "engines": {
        "node": ">=6.9.0"
      }
    },
    "node_modules/@babel/helper-string-parser": {
      "version": "7.24.1",
      "resolved": "https://registry.npmjs.org/@babel/helper-string-parser/-/helper-string-parser-7.24.1.tgz",
      "integrity": "sha512-2ofRCjnnA9y+wk8b9IAREroeUP02KHp431N2mhKniy2yKIDKpbrHv9eXwm8cBeWQYcJmzv5qKCu65P47eCF7CQ==",
      "engines": {
        "node": ">=6.9.0"
      }
    },
    "node_modules/@babel/helper-validator-identifier": {
      "version": "7.24.5",
      "resolved": "https://registry.npmjs.org/@babel/helper-validator-identifier/-/helper-validator-identifier-7.24.5.tgz",
      "integrity": "sha512-3q93SSKX2TWCG30M2G2kwaKeTYgEUp5Snjuj8qm729SObL6nbtUldAi37qbxkD5gg3xnBio+f9nqpSepGZMvxA==",
      "engines": {
        "node": ">=6.9.0"
      }
    },
    "node_modules/@babel/runtime": {
      "version": "7.24.5",
      "resolved": "https://registry.npmjs.org/@babel/runtime/-/runtime-7.24.5.tgz",
      "integrity": "sha512-Nms86NXrsaeU9vbBJKni6gXiEXZ4CVpYVzEjDH9Sb8vmZ3UljyA1GSOJl/6LGPO8EHLuSF9H+IxNXHPX8QHJ4g==",
      "dependencies": {
        "regenerator-runtime": "^0.14.0"
      },
      "engines": {
        "node": ">=6.9.0"
      }
    },
    "node_modules/@babel/types": {
      "version": "7.24.5",
      "resolved": "https://registry.npmjs.org/@babel/types/-/types-7.24.5.tgz",
      "integrity": "sha512-6mQNsaLeXTw0nxYUYu+NSa4Hx4BlF1x1x8/PMFbiR+GBSr+2DkECc69b8hgy2frEodNcvPffeH8YfWd3LI6jhQ==",
      "dependencies": {
        "@babel/helper-string-parser": "^7.24.1",
        "@babel/helper-validator-identifier": "^7.24.5",
        "to-fast-properties": "^2.0.0"
      },
      "engines": {
        "node": ">=6.9.0"
      }
    },
    "node_modules/@emotion/is-prop-valid": {
      "version": "1.2.2",
      "resolved": "https://registry.npmjs.org/@emotion/is-prop-valid/-/is-prop-valid-1.2.2.tgz",
      "integrity": "sha512-uNsoYd37AFmaCdXlg6EYD1KaPOaRWRByMCYzbKUX4+hhMfrxdVSelShywL4JVaAeM/eHUOSprYBQls+/neX3pw==",
      "dependencies": {
        "@emotion/memoize": "^0.8.1"
      }
    },
    "node_modules/@emotion/memoize": {
      "version": "0.8.1",
      "resolved": "https://registry.npmjs.org/@emotion/memoize/-/memoize-0.8.1.tgz",
      "integrity": "sha512-W2P2c/VRW1/1tLox0mVUalvnWXxavmv/Oum2aPsRcoDJuob75FC3Y8FbpfLwUegRcxINtGUMPq0tFCvYNTBXNA=="
    },
    "node_modules/@formatjs/ecma402-abstract": {
      "version": "1.18.2",
      "resolved": "https://registry.npmjs.org/@formatjs/ecma402-abstract/-/ecma402-abstract-1.18.2.tgz",
      "integrity": "sha512-+QoPW4csYALsQIl8GbN14igZzDbuwzcpWrku9nyMXlaqAlwRBgl5V+p0vWMGFqHOw37czNXaP/lEk4wbLgcmtA==",
      "dependencies": {
        "@formatjs/intl-localematcher": "0.5.4",
        "tslib": "^2.4.0"
      }
    },
    "node_modules/@formatjs/fast-memoize": {
      "version": "2.2.0",
      "resolved": "https://registry.npmjs.org/@formatjs/fast-memoize/-/fast-memoize-2.2.0.tgz",
      "integrity": "sha512-hnk/nY8FyrL5YxwP9e4r9dqeM6cAbo8PeU9UjyXojZMNvVad2Z06FAVHyR3Ecw6fza+0GH7vdJgiKIVXTMbSBA==",
      "dependencies": {
        "tslib": "^2.4.0"
      }
    },
    "node_modules/@formatjs/icu-messageformat-parser": {
      "version": "2.7.6",
      "resolved": "https://registry.npmjs.org/@formatjs/icu-messageformat-parser/-/icu-messageformat-parser-2.7.6.tgz",
      "integrity": "sha512-etVau26po9+eewJKYoiBKP6743I1br0/Ie00Pb/S/PtmYfmjTcOn2YCh2yNkSZI12h6Rg+BOgQYborXk46BvkA==",
      "dependencies": {
        "@formatjs/ecma402-abstract": "1.18.2",
        "@formatjs/icu-skeleton-parser": "1.8.0",
        "tslib": "^2.4.0"
      }
    },
    "node_modules/@formatjs/icu-skeleton-parser": {
      "version": "1.8.0",
      "resolved": "https://registry.npmjs.org/@formatjs/icu-skeleton-parser/-/icu-skeleton-parser-1.8.0.tgz",
      "integrity": "sha512-QWLAYvM0n8hv7Nq5BEs4LKIjevpVpbGLAJgOaYzg9wABEoX1j0JO1q2/jVkO6CVlq0dbsxZCngS5aXbysYueqA==",
      "dependencies": {
        "@formatjs/ecma402-abstract": "1.18.2",
        "tslib": "^2.4.0"
      }
    },
    "node_modules/@formatjs/intl": {
      "version": "2.10.2",
      "resolved": "https://registry.npmjs.org/@formatjs/intl/-/intl-2.10.2.tgz",
      "integrity": "sha512-raPGWr3JRv3neXV78SqPFrGC05fIbhhNzVghHNxFde27ls2KkXiMhtP7HBybjGpikVSjjhdhaZto+4p1vmm9bQ==",
      "dependencies": {
        "@formatjs/ecma402-abstract": "1.18.2",
        "@formatjs/fast-memoize": "2.2.0",
        "@formatjs/icu-messageformat-parser": "2.7.6",
        "@formatjs/intl-displaynames": "6.6.6",
        "@formatjs/intl-listformat": "7.5.5",
        "intl-messageformat": "10.5.12",
        "tslib": "^2.4.0"
      },
      "peerDependencies": {
        "typescript": "^4.7 || 5"
      },
      "peerDependenciesMeta": {
        "typescript": {
          "optional": true
        }
      }
    },
    "node_modules/@formatjs/intl-displaynames": {
      "version": "6.6.6",
      "resolved": "https://registry.npmjs.org/@formatjs/intl-displaynames/-/intl-displaynames-6.6.6.tgz",
      "integrity": "sha512-Dg5URSjx0uzF8VZXtHb6KYZ6LFEEhCbAbKoYChYHEOnMFTw/ZU3jIo/NrujzQD2EfKPgQzIq73LOUvW6Z/LpFA==",
      "dependencies": {
        "@formatjs/ecma402-abstract": "1.18.2",
        "@formatjs/intl-localematcher": "0.5.4",
        "tslib": "^2.4.0"
      }
    },
    "node_modules/@formatjs/intl-listformat": {
      "version": "7.5.5",
      "resolved": "https://registry.npmjs.org/@formatjs/intl-listformat/-/intl-listformat-7.5.5.tgz",
      "integrity": "sha512-XoI52qrU6aBGJC9KJddqnacuBbPlb/bXFN+lIFVFhQ1RnFHpzuFrlFdjD9am2O7ZSYsyqzYRpkVcXeT1GHkwDQ==",
      "dependencies": {
        "@formatjs/ecma402-abstract": "1.18.2",
        "@formatjs/intl-localematcher": "0.5.4",
        "tslib": "^2.4.0"
      }
    },
    "node_modules/@formatjs/intl-localematcher": {
      "version": "0.5.4",
      "resolved": "https://registry.npmjs.org/@formatjs/intl-localematcher/-/intl-localematcher-0.5.4.tgz",
      "integrity": "sha512-zTwEpWOzZ2CiKcB93BLngUX59hQkuZjT2+SAQEscSm52peDW/getsawMcWF1rGRpMCX6D7nSJA3CzJ8gn13N/g==",
      "dependencies": {
        "tslib": "^2.4.0"
      }
    },
    "node_modules/@jridgewell/gen-mapping": {
      "version": "0.3.5",
      "resolved": "https://registry.npmjs.org/@jridgewell/gen-mapping/-/gen-mapping-0.3.5.tgz",
      "integrity": "sha512-IzL8ZoEDIBRWEzlCcRhOaCupYyN5gdIK+Q6fbFdPDg6HqX6jpkItn7DFIpW9LQzXG6Df9sA7+OKnq0qlz/GaQg==",
      "dependencies": {
        "@jridgewell/set-array": "^1.2.1",
        "@jridgewell/sourcemap-codec": "^1.4.10",
        "@jridgewell/trace-mapping": "^0.3.24"
      },
      "engines": {
        "node": ">=6.0.0"
      }
    },
    "node_modules/@jridgewell/resolve-uri": {
      "version": "3.1.2",
      "resolved": "https://registry.npmjs.org/@jridgewell/resolve-uri/-/resolve-uri-3.1.2.tgz",
      "integrity": "sha512-bRISgCIjP20/tbWSPWMEi54QVPRZExkuD9lJL+UIxUKtwVJA8wW1Trb1jMs1RFXo1CBTNZ/5hpC9QvmKWdopKw==",
      "engines": {
        "node": ">=6.0.0"
      }
    },
    "node_modules/@jridgewell/set-array": {
      "version": "1.2.1",
      "resolved": "https://registry.npmjs.org/@jridgewell/set-array/-/set-array-1.2.1.tgz",
      "integrity": "sha512-R8gLRTZeyp03ymzP/6Lil/28tGeGEzhx1q2k703KGWRAI1VdvPIXdG70VJc2pAMw3NA6JKL5hhFu1sJX0Mnn/A==",
      "engines": {
        "node": ">=6.0.0"
      }
    },
    "node_modules/@jridgewell/sourcemap-codec": {
      "version": "1.4.15",
      "resolved": "https://registry.npmjs.org/@jridgewell/sourcemap-codec/-/sourcemap-codec-1.4.15.tgz",
      "integrity": "sha512-eF2rxCRulEKXHTRiDrDy6erMYWqNw4LPdQ8UQA4huuxaQsVeRPFl2oM8oDGxMFhJUWZf9McpLtJasDDZb/Bpeg=="
    },
    "node_modules/@jridgewell/trace-mapping": {
      "version": "0.3.25",
      "resolved": "https://registry.npmjs.org/@jridgewell/trace-mapping/-/trace-mapping-0.3.25.tgz",
      "integrity": "sha512-vNk6aEwybGtawWmy/PzwnGDOjCkLWSD2wqvjGGAgOAwCGWySYXfYoxt00IJkTF+8Lb57DwOb3Aa0o9CApepiYQ==",
      "dependencies": {
        "@jridgewell/resolve-uri": "^3.1.0",
        "@jridgewell/sourcemap-codec": "^1.4.14"
      }
    },
    "node_modules/@linaria/core": {
      "version": "6.2.0",
      "resolved": "https://registry.npmjs.org/@linaria/core/-/core-6.2.0.tgz",
      "integrity": "sha512-Ee+cwfhzhRM5X9rFogah3npw0OSqy80sJe/hlWIJxQD1WR6Zsbf+y78IlBPEzi6PvgoOiqdYtFjSUeWFqNVIDw==",
      "dependencies": {
        "@wyw-in-js/processor-utils": "^0.5.3"
      },
      "engines": {
        "node": ">=16.0.0"
      }
    },
    "node_modules/@linaria/react": {
      "version": "6.2.1",
      "resolved": "https://registry.npmjs.org/@linaria/react/-/react-6.2.1.tgz",
      "integrity": "sha512-wfNRpYw8VMjKGRWU4XrHhWW9i3L71GrpuquwbWOUCq1q5YtxEoC2/qnz3yT4SOADCsfyDRAWhRhZxeCaDvYsGQ==",
      "dependencies": {
        "@emotion/is-prop-valid": "^1.2.0",
        "@linaria/core": "^6.2.0",
        "@wyw-in-js/processor-utils": "^0.5.3",
        "@wyw-in-js/shared": "^0.5.3",
        "minimatch": "^9.0.3",
        "react-html-attributes": "^1.4.6",
        "resolve": "^1.22.8",
        "ts-invariant": "^0.10.3"
      },
      "engines": {
        "node": ">=16.0.0"
      },
      "peerDependencies": {
        "react": ">=16"
      }
    },
    "node_modules/@redux-saga/core": {
      "version": "1.3.0",
      "resolved": "https://registry.npmjs.org/@redux-saga/core/-/core-1.3.0.tgz",
      "integrity": "sha512-L+i+qIGuyWn7CIg7k1MteHGfttKPmxwZR5E7OsGikCL2LzYA0RERlaUY00Y3P3ZV2EYgrsYlBrGs6cJP5OKKqA==",
      "dependencies": {
        "@babel/runtime": "^7.6.3",
        "@redux-saga/deferred": "^1.2.1",
        "@redux-saga/delay-p": "^1.2.1",
        "@redux-saga/is": "^1.1.3",
        "@redux-saga/symbols": "^1.1.3",
        "@redux-saga/types": "^1.2.1",
        "typescript-tuple": "^2.2.1"
      },
      "funding": {
        "type": "opencollective",
        "url": "https://opencollective.com/redux-saga"
      }
    },
    "node_modules/@redux-saga/deferred": {
      "version": "1.2.1",
      "resolved": "https://registry.npmjs.org/@redux-saga/deferred/-/deferred-1.2.1.tgz",
      "integrity": "sha512-cmin3IuuzMdfQjA0lG4B+jX+9HdTgHZZ+6u3jRAOwGUxy77GSlTi4Qp2d6PM1PUoTmQUR5aijlA39scWWPF31g=="
    },
    "node_modules/@redux-saga/delay-p": {
      "version": "1.2.1",
      "resolved": "https://registry.npmjs.org/@redux-saga/delay-p/-/delay-p-1.2.1.tgz",
      "integrity": "sha512-MdiDxZdvb1m+Y0s4/hgdcAXntpUytr9g0hpcOO1XFVyyzkrDu3SKPgBFOtHn7lhu7n24ZKIAT1qtKyQjHqRd+w==",
      "dependencies": {
        "@redux-saga/symbols": "^1.1.3"
      }
    },
    "node_modules/@redux-saga/is": {
      "version": "1.1.3",
      "resolved": "https://registry.npmjs.org/@redux-saga/is/-/is-1.1.3.tgz",
      "integrity": "sha512-naXrkETG1jLRfVfhOx/ZdLj0EyAzHYbgJWkXbB3qFliPcHKiWbv/ULQryOAEKyjrhiclmr6AMdgsXFyx7/yE6Q==",
      "dependencies": {
        "@redux-saga/symbols": "^1.1.3",
        "@redux-saga/types": "^1.2.1"
      }
    },
    "node_modules/@redux-saga/symbols": {
      "version": "1.1.3",
      "resolved": "https://registry.npmjs.org/@redux-saga/symbols/-/symbols-1.1.3.tgz",
      "integrity": "sha512-hCx6ZvU4QAEUojETnX8EVg4ubNLBFl1Lps4j2tX7o45x/2qg37m3c6v+kSp8xjDJY+2tJw4QB3j8o8dsl1FDXg=="
    },
    "node_modules/@redux-saga/types": {
      "version": "1.2.1",
      "resolved": "https://registry.npmjs.org/@redux-saga/types/-/types-1.2.1.tgz",
      "integrity": "sha512-1dgmkh+3so0+LlBWRhGA33ua4MYr7tUOj+a9Si28vUi0IUFNbff1T3sgpeDJI/LaC75bBYnQ0A3wXjn0OrRNBA=="
    },
    "node_modules/@remix-run/router": {
      "version": "1.16.0",
      "resolved": "https://registry.npmjs.org/@remix-run/router/-/router-1.16.0.tgz",
      "integrity": "sha512-Quz1KOffeEf/zwkCBM3kBtH4ZoZ+pT3xIXBG4PPW/XFtDP7EGhtTiC2+gpL9GnR7+Qdet5Oa6cYSvwKYg6kN9Q==",
      "engines": {
        "node": ">=14.0.0"
      }
    },
    "node_modules/@types/hoist-non-react-statics": {
      "version": "3.3.5",
      "resolved": "https://registry.npmjs.org/@types/hoist-non-react-statics/-/hoist-non-react-statics-3.3.5.tgz",
      "integrity": "sha512-SbcrWzkKBw2cdwRTwQAswfpB9g9LJWfjtUeW/jvNwbhC8cpmmNYVePa+ncbUe0rGTQ7G3Ff6mYUN2VMfLVr+Sg==",
      "dependencies": {
        "@types/react": "*",
        "hoist-non-react-statics": "^3.3.0"
      }
    },
    "node_modules/@types/prop-types": {
      "version": "15.7.12",
      "resolved": "https://registry.npmjs.org/@types/prop-types/-/prop-types-15.7.12.tgz",
      "integrity": "sha512-5zvhXYtRNRluoE/jAp4GVsSduVUzNWKkOZrCDBWYtE7biZywwdC2AcEzg+cSMLFRfVgeAFqpfNabiPjxFddV1Q=="
    },
    "node_modules/@types/react": {
      "version": "18.3.1",
      "resolved": "https://registry.npmjs.org/@types/react/-/react-18.3.1.tgz",
      "integrity": "sha512-V0kuGBX3+prX+DQ/7r2qsv1NsdfnCLnTgnRJ1pYnxykBhGMz+qj+box5lq7XsO5mtZsBqpjwwTu/7wszPfMBcw==",
      "dependencies": {
        "@types/prop-types": "*",
        "csstype": "^3.0.2"
      }
    },
    "node_modules/@types/use-sync-external-store": {
      "version": "0.0.3",
      "resolved": "https://registry.npmjs.org/@types/use-sync-external-store/-/use-sync-external-store-0.0.3.tgz",
      "integrity": "sha512-EwmlvuaxPNej9+T4v5AuBPJa2x2UOJVdjCtDHgcDqitUeOtjnJKJ+apYjVcAoBEMjKW1VVFGZLUb5+qqa09XFA=="
    },
    "node_modules/@wyw-in-js/processor-utils": {
      "version": "0.5.3",
      "resolved": "https://registry.npmjs.org/@wyw-in-js/processor-utils/-/processor-utils-0.5.3.tgz",
      "integrity": "sha512-DATsRHLqq8cWYkTD8iwEmvWzG2UvmsFN6Poru4NJ1RwjxtcEdnNKCKZBaBdlH5XyhL7jRTcURUMyee3lqGljhg==",
      "dependencies": {
        "@babel/generator": "^7.23.5",
        "@wyw-in-js/shared": "0.5.3"
      },
      "engines": {
        "node": ">=16.0.0"
      }
    },
    "node_modules/@wyw-in-js/shared": {
      "version": "0.5.3",
      "resolved": "https://registry.npmjs.org/@wyw-in-js/shared/-/shared-0.5.3.tgz",
      "integrity": "sha512-sgST/P2QPIz4UwOK5NtpvaLXUsACcHRkd9/wTlNSOM5si2hOoeIRvakyuqK33wShHK3bpEZZOXQ9YztSXK3bwg==",
      "dependencies": {
        "debug": "^4.3.4",
        "find-up": "^5.0.0",
        "minimatch": "^9.0.3"
      },
      "engines": {
        "node": ">=16.0.0"
      }
    },
    "node_modules/balanced-match": {
      "version": "1.0.2",
      "resolved": "https://registry.npmjs.org/balanced-match/-/balanced-match-1.0.2.tgz",
      "integrity": "sha512-3oSeUO0TMV67hN1AmbXsK4yaqU7tjiHlbxRDZOpH0KW9+CeX4bRAaX0Anxt0tx2MrpRpWwQaPwIlISEJhYU5Pw=="
    },
    "node_modules/brace-expansion": {
      "version": "2.0.1",
      "resolved": "https://registry.npmjs.org/brace-expansion/-/brace-expansion-2.0.1.tgz",
      "integrity": "sha512-XnAIvQ8eM+kC6aULx6wuQiwVsnzsi9d3WxzV3FpWTGA19F621kwdbsAcFKXgKUHZWsy+mY6iL1sHTxWEFCytDA==",
      "dependencies": {
        "balanced-match": "^1.0.0"
      }
    },
    "node_modules/csstype": {
      "version": "3.1.3",
      "resolved": "https://registry.npmjs.org/csstype/-/csstype-3.1.3.tgz",
      "integrity": "sha512-M1uQkMl8rQK/szD0LNhtqxIPLpimGm8sOBwU7lLnCpSbTyY3yeU1Vc7l4KT5zT4s/yOxHH5O7tIuuLOCnLADRw=="
    },
    "node_modules/debug": {
      "version": "4.3.4",
      "resolved": "https://registry.npmjs.org/debug/-/debug-4.3.4.tgz",
      "integrity": "sha512-PRWFHuSU3eDtQJPvnNY7Jcket1j0t5OuOsFzPPzsekD52Zl8qUfFIPEiswXqIvHWGVHOgX+7G/vCNNhehwxfkQ==",
      "dependencies": {
        "ms": "2.1.2"
      },
      "engines": {
        "node": ">=6.0"
      },
      "peerDependenciesMeta": {
        "supports-color": {
          "optional": true
        }
      }
    },
    "node_modules/find-up": {
      "version": "5.0.0",
      "resolved": "https://registry.npmjs.org/find-up/-/find-up-5.0.0.tgz",
      "integrity": "sha512-78/PXT1wlLLDgTzDs7sjq9hzz0vXD+zn+7wypEe4fXQxCmdmqfGsEPQxmiCSQI3ajFV91bVSsvNtrJRiW6nGng==",
      "dependencies": {
        "locate-path": "^6.0.0",
        "path-exists": "^4.0.0"
      },
      "engines": {
        "node": ">=10"
      },
      "funding": {
        "url": "https://github.com/sponsors/sindresorhus"
      }
    },
    "node_modules/function-bind": {
      "version": "1.1.2",
      "resolved": "https://registry.npmjs.org/function-bind/-/function-bind-1.1.2.tgz",
      "integrity": "sha512-7XHNxH7qX9xG5mIwxkhumTox/MIRNcOgDrxWsMt2pAr23WHp6MrRlN7FBSFpCpr+oVO0F744iUgR82nJMfG2SA==",
      "funding": {
        "url": "https://github.com/sponsors/ljharb"
      }
    },
    "node_modules/hasown": {
      "version": "2.0.2",
      "resolved": "https://registry.npmjs.org/hasown/-/hasown-2.0.2.tgz",
      "integrity": "sha512-0hJU9SCPvmMzIBdZFqNPXWa6dqh7WdH0cII9y+CyS8rG3nL48Bclra9HmKhVVUHyPWNH5Y7xDwAB7bfgSjkUMQ==",
      "dependencies": {
        "function-bind": "^1.1.2"
      },
      "engines": {
        "node": ">= 0.4"
      }
    },
    "node_modules/hoist-non-react-statics": {
      "version": "3.3.2",
      "resolved": "https://registry.npmjs.org/hoist-non-react-statics/-/hoist-non-react-statics-3.3.2.tgz",
      "integrity": "sha512-/gGivxi8JPKWNm/W0jSmzcMPpfpPLc3dY/6GxhX2hQ9iGj3aDfklV4ET7NjKpSinLpJ5vafa9iiGIEZg10SfBw==",
      "dependencies": {
        "react-is": "^16.7.0"
      }
    },
    "node_modules/html-element-attributes": {
      "version": "1.3.1",
      "resolved": "https://registry.npmjs.org/html-element-attributes/-/html-element-attributes-1.3.1.tgz",
      "integrity": "sha512-UrRKgp5sQmRnDy4TEwAUsu14XBUlzKB8U3hjIYDjcZ3Hbp86Jtftzxfgrv6E/ii/h78tsaZwAnAE8HwnHr0dPA=="
    },
    "node_modules/intl-messageformat": {
      "version": "10.5.12",
      "resolved": "https://registry.npmjs.org/intl-messageformat/-/intl-messageformat-10.5.12.tgz",
      "integrity": "sha512-izl0uxhy/melhw8gP2r8pGiVieviZmM4v5Oqx3c1/R7g9cwER2smmGfSjcIsp8Y3Q53bfciL/gkxacJRx/dUvg==",
      "dependencies": {
        "@formatjs/ecma402-abstract": "1.18.2",
        "@formatjs/fast-memoize": "2.2.0",
        "@formatjs/icu-messageformat-parser": "2.7.6",
        "tslib": "^2.4.0"
      }
    },
    "node_modules/is-core-module": {
      "version": "2.13.1",
      "resolved": "https://registry.npmjs.org/is-core-module/-/is-core-module-2.13.1.tgz",
      "integrity": "sha512-hHrIjvZsftOsvKSn2TRYl63zvxsgE0K+0mYMoH6gD4omR5IWB2KynivBQczo3+wF1cCkjzvptnI9Q0sPU66ilw==",
      "dependencies": {
        "hasown": "^2.0.0"
      },
      "funding": {
        "url": "https://github.com/sponsors/ljharb"
      }
    },
    "node_modules/js-tokens": {
      "version": "4.0.0",
      "resolved": "https://registry.npmjs.org/js-tokens/-/js-tokens-4.0.0.tgz",
      "integrity": "sha512-RdJUflcE3cUzKiMqQgsCu06FPu9UdIJO0beYbPhHN4k6apgJtifcoCtT9bcxOpYBtpD2kCM6Sbzg4CausW/PKQ=="
    },
    "node_modules/jsesc": {
      "version": "2.5.2",
      "resolved": "https://registry.npmjs.org/jsesc/-/jsesc-2.5.2.tgz",
      "integrity": "sha512-OYu7XEzjkCQ3C5Ps3QIZsQfNpqoJyZZA99wd9aWd05NCtC5pWOkShK2mkL6HXQR6/Cy2lbNdPlZBpuQHXE63gA==",
      "bin": {
        "jsesc": "bin/jsesc"
      },
      "engines": {
        "node": ">=4"
      }
    },
    "node_modules/locate-path": {
      "version": "6.0.0",
      "resolved": "https://registry.npmjs.org/locate-path/-/locate-path-6.0.0.tgz",
      "integrity": "sha512-iPZK6eYjbxRu3uB4/WZ3EsEIMJFMqAoopl3R+zuq0UjcAm/MO6KCweDgPfP3elTztoKP3KtnVHxTn2NHBSDVUw==",
      "dependencies": {
        "p-locate": "^5.0.0"
      },
      "engines": {
        "node": ">=10"
      },
      "funding": {
        "url": "https://github.com/sponsors/sindresorhus"
      }
    },
    "node_modules/loose-envify": {
      "version": "1.4.0",
      "resolved": "https://registry.npmjs.org/loose-envify/-/loose-envify-1.4.0.tgz",
      "integrity": "sha512-lyuxPGr/Wfhrlem2CL/UcnUc1zcqKAImBDzukY7Y5F/yQiNdko6+fRLevlw1HgMySw7f611UIY408EtxRSoK3Q==",
      "dependencies": {
        "js-tokens": "^3.0.0 || ^4.0.0"
      },
      "bin": {
        "loose-envify": "cli.js"
      }
    },
    "node_modules/minimatch": {
      "version": "9.0.4",
      "resolved": "https://registry.npmjs.org/minimatch/-/minimatch-9.0.4.tgz",
      "integrity": "sha512-KqWh+VchfxcMNRAJjj2tnsSJdNbHsVgnkBhTNrW7AjVo6OvLtxw8zfT9oLw1JSohlFzJ8jCoTgaoXvJ+kHt6fw==",
      "dependencies": {
        "brace-expansion": "^2.0.1"
      },
      "engines": {
        "node": ">=16 || 14 >=14.17"
      },
      "funding": {
        "url": "https://github.com/sponsors/isaacs"
      }
    },
    "node_modules/ms": {
      "version": "2.1.2",
      "resolved": "https://registry.npmjs.org/ms/-/ms-2.1.2.tgz",
      "integrity": "sha512-sGkPx+VjMtmA6MX27oA4FBFELFCZZ4S4XqeGOXCv68tT+jb3vk/RyaKWP0PTKyWtmLSM0b+adUTEvbs1PEaH2w=="
    },
    "node_modules/p-limit": {
      "version": "3.1.0",
      "resolved": "https://registry.npmjs.org/p-limit/-/p-limit-3.1.0.tgz",
      "integrity": "sha512-TYOanM3wGwNGsZN2cVTYPArw454xnXj5qmWF1bEoAc4+cU/ol7GVh7odevjp1FNHduHc3KZMcFduxU5Xc6uJRQ==",
      "dependencies": {
        "yocto-queue": "^0.1.0"
      },
      "engines": {
        "node": ">=10"
      },
      "funding": {
        "url": "https://github.com/sponsors/sindresorhus"
      }
    },
    "node_modules/p-locate": {
      "version": "5.0.0",
      "resolved": "https://registry.npmjs.org/p-locate/-/p-locate-5.0.0.tgz",
      "integrity": "sha512-LaNjtRWUBY++zB5nE/NwcaoMylSPk+S+ZHNB1TzdbMJMny6dynpAGt7X/tl/QYq3TIeE6nxHppbo2LGymrG5Pw==",
      "dependencies": {
        "p-limit": "^3.0.2"
      },
      "engines": {
        "node": ">=10"
      },
      "funding": {
        "url": "https://github.com/sponsors/sindresorhus"
      }
    },
    "node_modules/path-exists": {
      "version": "4.0.0",
      "resolved": "https://registry.npmjs.org/path-exists/-/path-exists-4.0.0.tgz",
      "integrity": "sha512-ak9Qy5Q7jYb2Wwcey5Fpvg2KoAc/ZIhLSLOSBmRmygPsGwkVVt0fZa0qrtMz+m6tJTAHfZQ8FnmB4MG4LWy7/w==",
      "engines": {
        "node": ">=8"
      }
    },
    "node_modules/path-parse": {
      "version": "1.0.7",
      "resolved": "https://registry.npmjs.org/path-parse/-/path-parse-1.0.7.tgz",
      "integrity": "sha512-LDJzPVEEEPR+y48z93A0Ed0yXb8pAByGWo/k5YYdYgpY2/2EsOsksJrq7lOHxryrVOn1ejG6oAp8ahvOIQD8sw=="
    },
    "node_modules/react": {
      "version": "18.3.1",
      "resolved": "https://registry.npmjs.org/react/-/react-18.3.1.tgz",
      "integrity": "sha512-wS+hAgJShR0KhEvPJArfuPVN1+Hz1t0Y6n5jLrGQbkb4urgPE/0Rve+1kMB1v/oWgHgm4WIcV+i7F2pTVj+2iQ==",
      "dependencies": {
        "loose-envify": "^1.1.0"
      },
      "engines": {
        "node": ">=0.10.0"
      }
    },
    "node_modules/react-dom": {
      "version": "18.3.1",
      "resolved": "https://registry.npmjs.org/react-dom/-/react-dom-18.3.1.tgz",
      "integrity": "sha512-5m4nQKp+rZRb09LNH59GM4BxTh9251/ylbKIbpe7TpGxfJ+9kv6BLkLBXIjjspbgbnIBNqlI23tRnTWT0snUIw==",
      "dependencies": {
        "loose-envify": "^1.1.0",
        "scheduler": "^0.23.2"
      },
      "peerDependencies": {
        "react": "^18.3.1"
      }
    },
    "node_modules/react-html-attributes": {
      "version": "1.4.6",
      "resolved": "https://registry.npmjs.org/react-html-attributes/-/react-html-attributes-1.4.6.tgz",
      "integrity": "sha512-uS3MmThNKFH2EZUQQw4k5pIcU7XIr208UE5dktrj/GOH1CMagqxDl4DCLpt3o2l9x+IB5nVYBeN3Cr4IutBXAg==",
      "dependencies": {
        "html-element-attributes": "^1.0.0"
      }
    },
    "node_modules/react-intl": {
      "version": "6.6.6",
      "resolved": "https://registry.npmjs.org/react-intl/-/react-intl-6.6.6.tgz",
      "integrity": "sha512-dKXQNUrhZTlCp8uelYW8PHiM4saNKyLmHCfsJYWK0N/kZ/Ien35wjPHB8x9yQcTJbeN/hBOmb4x16iKUrdL9MA==",
      "dependencies": {
        "@formatjs/ecma402-abstract": "1.18.2",
        "@formatjs/icu-messageformat-parser": "2.7.6",
        "@formatjs/intl": "2.10.2",
        "@formatjs/intl-displaynames": "6.6.6",
        "@formatjs/intl-listformat": "7.5.5",
        "@types/hoist-non-react-statics": "^3.3.1",
        "@types/react": "16 || 17 || 18",
        "hoist-non-react-statics": "^3.3.2",
        "intl-messageformat": "10.5.12",
        "tslib": "^2.4.0"
      },
      "peerDependencies": {
        "react": "^16.6.0 || 17 || 18",
        "typescript": "^4.7 || 5"
      },
      "peerDependenciesMeta": {
        "typescript": {
          "optional": true
        }
      }
    },
    "node_modules/react-is": {
      "version": "16.13.1",
      "resolved": "https://registry.npmjs.org/react-is/-/react-is-16.13.1.tgz",
      "integrity": "sha512-24e6ynE2H+OKt4kqsOvNd8kBpV65zoxbA4BVsEOB3ARVWQki/DHzaUoC5KuON/BiccDaCCTZBuOcfZs70kR8bQ=="
    },
    "node_modules/react-redux": {
      "version": "9.1.2",
      "resolved": "https://registry.npmjs.org/react-redux/-/react-redux-9.1.2.tgz",
      "integrity": "sha512-0OA4dhM1W48l3uzmv6B7TXPCGmokUU4p1M44DGN2/D9a1FjVPukVjER1PcPX97jIg6aUeLq1XJo1IpfbgULn0w==",
      "dependencies": {
        "@types/use-sync-external-store": "^0.0.3",
        "use-sync-external-store": "^1.0.0"
      },
      "peerDependencies": {
        "@types/react": "^18.2.25",
        "react": "^18.0",
        "redux": "^5.0.0"
      },
      "peerDependenciesMeta": {
        "@types/react": {
          "optional": true
        },
        "redux": {
          "optional": true
        }
      }
    },
    "node_modules/react-router": {
      "version": "6.23.0",
      "resolved": "https://registry.npmjs.org/react-router/-/react-router-6.23.0.tgz",
      "integrity": "sha512-wPMZ8S2TuPadH0sF5irFGjkNLIcRvOSaEe7v+JER8508dyJumm6XZB1u5kztlX0RVq6AzRVndzqcUh6sFIauzA==",
      "dependencies": {
        "@remix-run/router": "1.16.0"
      },
      "engines": {
        "node": ">=14.0.0"
      },
      "peerDependencies": {
        "react": ">=16.8"
      }
    },
    "node_modules/react-router-dom": {
      "version": "6.23.0",
      "resolved": "https://registry.npmjs.org/react-router-dom/-/react-router-dom-6.23.0.tgz",
      "integrity": "sha512-Q9YaSYvubwgbal2c9DJKfx6hTNoBp3iJDsl+Duva/DwxoJH+OTXkxGpql4iUK2sla/8z4RpjAm6EWx1qUDuopQ==",
      "dependencies": {
        "@remix-run/router": "1.16.0",
        "react-router": "6.23.0"
      },
      "engines": {
        "node": ">=14.0.0"
      },
      "peerDependencies": {
        "react": ">=16.8",
        "react-dom": ">=16.8"
      }
    },
    "node_modules/redux": {
      "version": "5.0.1",
      "resolved": "https://registry.npmjs.org/redux/-/redux-5.0.1.tgz",
      "integrity": "sha512-M9/ELqF6fy8FwmkpnF0S3YKOqMyoWJ4+CS5Efg2ct3oY9daQvd/Pc71FpGZsVsbl3Cpb+IIcjBDUnnyBdQbq4w=="
    },
    "node_modules/redux-saga": {
      "version": "1.3.0",
      "resolved": "https://registry.npmjs.org/redux-saga/-/redux-saga-1.3.0.tgz",
      "integrity": "sha512-J9RvCeAZXSTAibFY0kGw6Iy4EdyDNW7k6Q+liwX+bsck7QVsU78zz8vpBRweEfANxnnlG/xGGeOvf6r8UXzNJQ==",
      "dependencies": {
        "@redux-saga/core": "^1.3.0"
      }
    },
    "node_modules/regenerator-runtime": {
      "version": "0.14.1",
      "resolved": "https://registry.npmjs.org/regenerator-runtime/-/regenerator-runtime-0.14.1.tgz",
      "integrity": "sha512-dYnhHh0nJoMfnkZs6GmmhFknAGRrLznOu5nc9ML+EJxGvrx6H7teuevqVqCuPcPK//3eDrrjQhehXVx9cnkGdw=="
    },
    "node_modules/resolve": {
      "version": "1.22.8",
      "resolved": "https://registry.npmjs.org/resolve/-/resolve-1.22.8.tgz",
      "integrity": "sha512-oKWePCxqpd6FlLvGV1VU0x7bkPmmCNolxzjMf4NczoDnQcIWrAF+cPtZn5i6n+RfD2d9i0tzpKnG6Yk168yIyw==",
      "dependencies": {
        "is-core-module": "^2.13.0",
        "path-parse": "^1.0.7",
        "supports-preserve-symlinks-flag": "^1.0.0"
      },
      "bin": {
        "resolve": "bin/resolve"
      },
      "funding": {
        "url": "https://github.com/sponsors/ljharb"
      }
    },
    "node_modules/scheduler": {
      "version": "0.23.2",
      "resolved": "https://registry.npmjs.org/scheduler/-/scheduler-0.23.2.tgz",
      "integrity": "sha512-UOShsPwz7NrMUqhR6t0hWjFduvOzbtv7toDH1/hIrfRNIDBnnBWd0CwJTGvTpngVlmwGCdP9/Zl/tVrDqcuYzQ==",
      "dependencies": {
        "loose-envify": "^1.1.0"
      }
    },
    "node_modules/supports-preserve-symlinks-flag": {
      "version": "1.0.0",
      "resolved": "https://registry.npmjs.org/supports-preserve-symlinks-flag/-/supports-preserve-symlinks-flag-1.0.0.tgz",
      "integrity": "sha512-ot0WnXS9fgdkgIcePe6RHNk1WA8+muPa6cSjeR3V8K27q9BB1rTE3R1p7Hv0z1ZyAc8s6Vvv8DIyWf681MAt0w==",
      "engines": {
        "node": ">= 0.4"
      },
      "funding": {
        "url": "https://github.com/sponsors/ljharb"
      }
    },
    "node_modules/to-fast-properties": {
      "version": "2.0.0",
      "resolved": "https://registry.npmjs.org/to-fast-properties/-/to-fast-properties-2.0.0.tgz",
      "integrity": "sha512-/OaKK0xYrs3DmxRYqL/yDc+FxFUVYhDlXMhRmv3z915w2HF1tnN1omB354j8VUGO/hbRzyD6Y3sA7v7GS/ceog==",
      "engines": {
        "node": ">=4"
      }
    },
    "node_modules/ts-invariant": {
      "version": "0.10.3",
      "resolved": "https://registry.npmjs.org/ts-invariant/-/ts-invariant-0.10.3.tgz",
      "integrity": "sha512-uivwYcQaxAucv1CzRp2n/QdYPo4ILf9VXgH19zEIjFx2EJufV16P0JtJVpYHy89DItG6Kwj2oIUjrcK5au+4tQ==",
      "dependencies": {
        "tslib": "^2.1.0"
      },
      "engines": {
        "node": ">=8"
      }
    },
    "node_modules/tslib": {
      "version": "2.6.2",
      "resolved": "https://registry.npmjs.org/tslib/-/tslib-2.6.2.tgz",
      "integrity": "sha512-AEYxH93jGFPn/a2iVAwW87VuUIkR1FVUKB77NwMF7nBTDkDrrT/Hpt/IrCJ0QXhW27jTBDcf5ZY7w6RiqTMw2Q=="
    },
    "node_modules/typescript-compare": {
      "version": "0.0.2",
      "resolved": "https://registry.npmjs.org/typescript-compare/-/typescript-compare-0.0.2.tgz",
      "integrity": "sha512-8ja4j7pMHkfLJQO2/8tut7ub+J3Lw2S3061eJLFQcvs3tsmJKp8KG5NtpLn7KcY2w08edF74BSVN7qJS0U6oHA==",
      "dependencies": {
        "typescript-logic": "^0.0.0"
      }
    },
    "node_modules/typescript-logic": {
      "version": "0.0.0",
      "resolved": "https://registry.npmjs.org/typescript-logic/-/typescript-logic-0.0.0.tgz",
      "integrity": "sha512-zXFars5LUkI3zP492ls0VskH3TtdeHCqu0i7/duGt60i5IGPIpAHE/DWo5FqJ6EjQ15YKXrt+AETjv60Dat34Q=="
    },
    "node_modules/typescript-tuple": {
      "version": "2.2.1",
      "resolved": "https://registry.npmjs.org/typescript-tuple/-/typescript-tuple-2.2.1.tgz",
      "integrity": "sha512-Zcr0lbt8z5ZdEzERHAMAniTiIKerFCMgd7yjq1fPnDJ43et/k9twIFQMUYff9k5oXcsQ0WpvFcgzK2ZKASoW6Q==",
      "dependencies": {
        "typescript-compare": "^0.0.2"
      }
    },
    "node_modules/use-sync-external-store": {
      "version": "1.2.2",
      "resolved": "https://registry.npmjs.org/use-sync-external-store/-/use-sync-external-store-1.2.2.tgz",
      "integrity": "sha512-PElTlVMwpblvbNqQ82d2n6RjStvdSoNe9FG28kNfz3WiXilJm4DdNkEzRhCZuIDwY8U08WVihhGR5iRqAwfDiw==",
      "peerDependencies": {
        "react": "^16.8.0 || ^17.0.0 || ^18.0.0"
      }
    },
    "node_modules/yocto-queue": {
      "version": "0.1.0",
      "resolved": "https://registry.npmjs.org/yocto-queue/-/yocto-queue-0.1.0.tgz",
      "integrity": "sha512-rVksvsnNCdJ/ohGc6xgPwyN8eheCxsiLM8mxuE/t/mOVqJewPuO1miLpTHQiRgTKCLexL4MeAFVagts7HmNZ2Q==",
      "engines": {
        "node": ">=10"
      },
      "funding": {
        "url": "https://github.com/sponsors/sindresorhus"
      }
    }
  }
}
